
Microsoft Visual Studio Solution File, Format Version 12.00
# Visual Studio 15
VisualStudioVersion = 15.0.28307.168
MinimumVisualStudioVersion = 10.0.40219.1
Project("{2150E333-8FDC-42A3-9474-1A3956D46DE8}") = "Microservices", "Microservices", "{61CD3E6C-2B8A-48E7-BB56-1ACB7C59C47E}"
EndProject
Project("{2150E333-8FDC-42A3-9474-1A3956D46DE8}") = "Domain", "Domain", "{86844502-3DA7-4919-9E70-8E6770EFA0E2}"
EndProject
Project("{2150E333-8FDC-42A3-9474-1A3956D46DE8}") = "Infrastructure.Bus", "Infrastructure.Bus", "{8A55BFAD-D04E-4A11-AE6C-F7BFC5DA60DE}"
EndProject
Project("{2150E333-8FDC-42A3-9474-1A3956D46DE8}") = "Infrastructure.IOC", "Infrastructure.IOC", "{61BD64AF-3F06-4C4C-A01B-FDA17F666DCA}"
EndProject
Project("{2150E333-8FDC-42A3-9474-1A3956D46DE8}") = "Presentation", "Presentation", "{677019F6-7E00-4E78-B9E5-F31417A68CD0}"
EndProject
Project("{9A19103F-16F7-4668-BE54-9A1E7A4F7556}") = "Domain.Core", "Domain.Core\Domain.Core.csproj", "{7B30DB9F-8D6B-41C5-AC0E-7E588A4E626C}"
EndProject
Project("{9A19103F-16F7-4668-BE54-9A1E7A4F7556}") = "Infra.Bus", "Infra.Bus\Infra.Bus.csproj", "{2E53653C-2773-4351-A724-4453263C294D}"
EndProject
Project("{9A19103F-16F7-4668-BE54-9A1E7A4F7556}") = "Infra.IoC", "Infra.IoC\Infra.IoC.csproj", "{E7A30359-5BC1-48F8-B225-18E2E964205E}"
EndProject
Project("{2150E333-8FDC-42A3-9474-1A3956D46DE8}") = "Banking", "Banking", "{9066DA81-EDEE-4CF8-A8E8-37E745C138CB}"
EndProject
Project("{2150E333-8FDC-42A3-9474-1A3956D46DE8}") = "Api", "Api", "{F9451812-E44F-4FAE-BBE1-5D8F4FA735BF}"
EndProject
Project("{2150E333-8FDC-42A3-9474-1A3956D46DE8}") = "Domain", "Domain", "{6CC903FD-CF2E-49A5-99C9-F121F335B3A9}"
EndProject
Project("{2150E333-8FDC-42A3-9474-1A3956D46DE8}") = "Application", "Application", "{FF8834B8-03A1-41A1-A6DF-8AF4E2041E06}"
EndProject
Project("{2150E333-8FDC-42A3-9474-1A3956D46DE8}") = "Data", "Data", "{D833C32E-FEA6-4372-9966-76E094F2EBB7}"
EndProject
Project("{9A19103F-16F7-4668-BE54-9A1E7A4F7556}") = "Banking.API", "Banking.API\Banking.API.csproj", "{FBD82090-907C-4513-A003-6D9CB5CBB53B}"
EndProject
Project("{9A19103F-16F7-4668-BE54-9A1E7A4F7556}") = "Banking.Application", "Banking.Application\Banking.Application.csproj", "{660F329F-9E55-4D14-9B75-A362750FDCC2}"
EndProject
Project("{9A19103F-16F7-4668-BE54-9A1E7A4F7556}") = "Banking.Data", "Banking.Data\Banking.Data.csproj", "{EFFED2FB-8C69-46C9-AE56-FEEDCC79E659}"
EndProject
Project("{9A19103F-16F7-4668-BE54-9A1E7A4F7556}") = "Banking.Domain", "Banking.Domain\Banking.Domain.csproj", "{E78AAB9D-B58E-437E-8462-DBCE235F1DCB}"
EndProject
Project("{2150E333-8FDC-42A3-9474-1A3956D46DE8}") = "Transfer", "Transfer", "{4D06ED13-C26F-4CA9-929F-7993E72436BA}"
EndProject
Project("{2150E333-8FDC-42A3-9474-1A3956D46DE8}") = "Api", "Api", "{164A30E8-9710-4994-9D03-4461B9D4323F}"
EndProject
Project("{2150E333-8FDC-42A3-9474-1A3956D46DE8}") = "Application", "Application", "{B73B6F41-AAF2-439A-B7B9-AA85C5DAF7E5}"
EndProject
Project("{2150E333-8FDC-42A3-9474-1A3956D46DE8}") = "Data", "Data", "{28D45EE9-6DB9-4564-93A5-92845D22590E}"
EndProject
Project("{FAE04EC0-301F-11D3-BF4B-00C04F79EFBC}") = "Transfer.API", "Transfer.API\Transfer.API.csproj", "{EBD1691E-34ED-4C41-A1AE-AFFD6FCABD60}"
EndProject
Project("{FAE04EC0-301F-11D3-BF4B-00C04F79EFBC}") = "Transfer.Application", "Transfer.Application\Transfer.Application.csproj", "{7B4F8398-D9A7-4C3B-870A-9A57B3D73E62}"
EndProject
Project("{FAE04EC0-301F-11D3-BF4B-00C04F79EFBC}") = "Transfer.Data", "Transfer.Data\Transfer.Data.csproj", "{32E7E710-BF36-4FD2-AFBB-8E3EBEC746BE}"
EndProject
Project("{2150E333-8FDC-42A3-9474-1A3956D46DE8}") = "Domain", "Domain", "{BA54BAC3-EA84-42AA-A67D-94DE965BA8B8}"
EndProject
Project("{FAE04EC0-301F-11D3-BF4B-00C04F79EFBC}") = "Transfer.Domain", "Transfer.Domain\Transfer.Domain.csproj", "{1FB893A7-6389-487B-8E7F-FEE987EA83C6}"
EndProject
Global
	GlobalSection(SolutionConfigurationPlatforms) = preSolution
		Debug|Any CPU = Debug|Any CPU
		Release|Any CPU = Release|Any CPU
	EndGlobalSection
	GlobalSection(ProjectConfigurationPlatforms) = postSolution
		{7B30DB9F-8D6B-41C5-AC0E-7E588A4E626C}.Debug|Any CPU.ActiveCfg = Debug|Any CPU
		{7B30DB9F-8D6B-41C5-AC0E-7E588A4E626C}.Debug|Any CPU.Build.0 = Debug|Any CPU
		{7B30DB9F-8D6B-41C5-AC0E-7E588A4E626C}.Release|Any CPU.ActiveCfg = Release|Any CPU
		{7B30DB9F-8D6B-41C5-AC0E-7E588A4E626C}.Release|Any CPU.Build.0 = Release|Any CPU
		{2E53653C-2773-4351-A724-4453263C294D}.Debug|Any CPU.ActiveCfg = Debug|Any CPU
		{2E53653C-2773-4351-A724-4453263C294D}.Debug|Any CPU.Build.0 = Debug|Any CPU
		{2E53653C-2773-4351-A724-4453263C294D}.Release|Any CPU.ActiveCfg = Release|Any CPU
		{2E53653C-2773-4351-A724-4453263C294D}.Release|Any CPU.Build.0 = Release|Any CPU
		{E7A30359-5BC1-48F8-B225-18E2E964205E}.Debug|Any CPU.ActiveCfg = Debug|Any CPU
		{E7A30359-5BC1-48F8-B225-18E2E964205E}.Debug|Any CPU.Build.0 = Debug|Any CPU
		{E7A30359-5BC1-48F8-B225-18E2E964205E}.Release|Any CPU.ActiveCfg = Release|Any CPU
		{E7A30359-5BC1-48F8-B225-18E2E964205E}.Release|Any CPU.Build.0 = Release|Any CPU
		{FBD82090-907C-4513-A003-6D9CB5CBB53B}.Debug|Any CPU.ActiveCfg = Debug|Any CPU
		{FBD82090-907C-4513-A003-6D9CB5CBB53B}.Debug|Any CPU.Build.0 = Debug|Any CPU
		{FBD82090-907C-4513-A003-6D9CB5CBB53B}.Release|Any CPU.ActiveCfg = Release|Any CPU
		{FBD82090-907C-4513-A003-6D9CB5CBB53B}.Release|Any CPU.Build.0 = Release|Any CPU
		{660F329F-9E55-4D14-9B75-A362750FDCC2}.Debug|Any CPU.ActiveCfg = Debug|Any CPU
		{660F329F-9E55-4D14-9B75-A362750FDCC2}.Debug|Any CPU.Build.0 = Debug|Any CPU
		{660F329F-9E55-4D14-9B75-A362750FDCC2}.Release|Any CPU.ActiveCfg = Release|Any CPU
		{660F329F-9E55-4D14-9B75-A362750FDCC2}.Release|Any CPU.Build.0 = Release|Any CPU
		{EFFED2FB-8C69-46C9-AE56-FEEDCC79E659}.Debug|Any CPU.ActiveCfg = Debug|Any CPU
		{EFFED2FB-8C69-46C9-AE56-FEEDCC79E659}.Debug|Any CPU.Build.0 = Debug|Any CPU
		{EFFED2FB-8C69-46C9-AE56-FEEDCC79E659}.Release|Any CPU.ActiveCfg = Release|Any CPU
		{EFFED2FB-8C69-46C9-AE56-FEEDCC79E659}.Release|Any CPU.Build.0 = Release|Any CPU
		{E78AAB9D-B58E-437E-8462-DBCE235F1DCB}.Debug|Any CPU.ActiveCfg = Debug|Any CPU
		{E78AAB9D-B58E-437E-8462-DBCE235F1DCB}.Debug|Any CPU.Build.0 = Debug|Any CPU
		{E78AAB9D-B58E-437E-8462-DBCE235F1DCB}.Release|Any CPU.ActiveCfg = Release|Any CPU
		{E78AAB9D-B58E-437E-8462-DBCE235F1DCB}.Release|Any CPU.Build.0 = Release|Any CPU
		{EBD1691E-34ED-4C41-A1AE-AFFD6FCABD60}.Debug|Any CPU.ActiveCfg = Debug|Any CPU
		{EBD1691E-34ED-4C41-A1AE-AFFD6FCABD60}.Debug|Any CPU.Build.0 = Debug|Any CPU
		{EBD1691E-34ED-4C41-A1AE-AFFD6FCABD60}.Release|Any CPU.ActiveCfg = Release|Any CPU
		{EBD1691E-34ED-4C41-A1AE-AFFD6FCABD60}.Release|Any CPU.Build.0 = Release|Any CPU
		{7B4F8398-D9A7-4C3B-870A-9A57B3D73E62}.Debug|Any CPU.ActiveCfg = Debug|Any CPU
		{7B4F8398-D9A7-4C3B-870A-9A57B3D73E62}.Debug|Any CPU.Build.0 = Debug|Any CPU
		{7B4F8398-D9A7-4C3B-870A-9A57B3D73E62}.Release|Any CPU.ActiveCfg = Release|Any CPU
		{7B4F8398-D9A7-4C3B-870A-9A57B3D73E62}.Release|Any CPU.Build.0 = Release|Any CPU
		{32E7E710-BF36-4FD2-AFBB-8E3EBEC746BE}.Debug|Any CPU.ActiveCfg = Debug|Any CPU
		{32E7E710-BF36-4FD2-AFBB-8E3EBEC746BE}.Debug|Any CPU.Build.0 = Debug|Any CPU
		{32E7E710-BF36-4FD2-AFBB-8E3EBEC746BE}.Release|Any CPU.ActiveCfg = Release|Any CPU
		{32E7E710-BF36-4FD2-AFBB-8E3EBEC746BE}.Release|Any CPU.Build.0 = Release|Any CPU
		{1FB893A7-6389-487B-8E7F-FEE987EA83C6}.Debug|Any CPU.ActiveCfg = Debug|Any CPU
		{1FB893A7-6389-487B-8E7F-FEE987EA83C6}.Debug|Any CPU.Build.0 = Debug|Any CPU
		{1FB893A7-6389-487B-8E7F-FEE987EA83C6}.Release|Any CPU.ActiveCfg = Release|Any CPU
		{1FB893A7-6389-487B-8E7F-FEE987EA83C6}.Release|Any CPU.Build.0 = Release|Any CPU
	EndGlobalSection
	GlobalSection(SolutionProperties) = preSolution
		HideSolutionNode = FALSE
	EndGlobalSection
	GlobalSection(NestedProjects) = preSolution
		{7B30DB9F-8D6B-41C5-AC0E-7E588A4E626C} = {86844502-3DA7-4919-9E70-8E6770EFA0E2}
		{2E53653C-2773-4351-A724-4453263C294D} = {8A55BFAD-D04E-4A11-AE6C-F7BFC5DA60DE}
		{E7A30359-5BC1-48F8-B225-18E2E964205E} = {61BD64AF-3F06-4C4C-A01B-FDA17F666DCA}
		{9066DA81-EDEE-4CF8-A8E8-37E745C138CB} = {61CD3E6C-2B8A-48E7-BB56-1ACB7C59C47E}
		{F9451812-E44F-4FAE-BBE1-5D8F4FA735BF} = {9066DA81-EDEE-4CF8-A8E8-37E745C138CB}
		{6CC903FD-CF2E-49A5-99C9-F121F335B3A9} = {9066DA81-EDEE-4CF8-A8E8-37E745C138CB}
		{FF8834B8-03A1-41A1-A6DF-8AF4E2041E06} = {9066DA81-EDEE-4CF8-A8E8-37E745C138CB}
		{D833C32E-FEA6-4372-9966-76E094F2EBB7} = {9066DA81-EDEE-4CF8-A8E8-37E745C138CB}
		{FBD82090-907C-4513-A003-6D9CB5CBB53B} = {F9451812-E44F-4FAE-BBE1-5D8F4FA735BF}
		{660F329F-9E55-4D14-9B75-A362750FDCC2} = {FF8834B8-03A1-41A1-A6DF-8AF4E2041E06}
		{EFFED2FB-8C69-46C9-AE56-FEEDCC79E659} = {D833C32E-FEA6-4372-9966-76E094F2EBB7}
		{E78AAB9D-B58E-437E-8462-DBCE235F1DCB} = {6CC903FD-CF2E-49A5-99C9-F121F335B3A9}
		{4D06ED13-C26F-4CA9-929F-7993E72436BA} = {61CD3E6C-2B8A-48E7-BB56-1ACB7C59C47E}
		{164A30E8-9710-4994-9D03-4461B9D4323F} = {4D06ED13-C26F-4CA9-929F-7993E72436BA}
		{B73B6F41-AAF2-439A-B7B9-AA85C5DAF7E5} = {4D06ED13-C26F-4CA9-929F-7993E72436BA}
		{28D45EE9-6DB9-4564-93A5-92845D22590E} = {4D06ED13-C26F-4CA9-929F-7993E72436BA}
		{EBD1691E-34ED-4C41-A1AE-AFFD6FCABD60} = {164A30E8-9710-4994-9D03-4461B9D4323F}
		{7B4F8398-D9A7-4C3B-870A-9A57B3D73E62} = {B73B6F41-AAF2-439A-B7B9-AA85C5DAF7E5}
		{32E7E710-BF36-4FD2-AFBB-8E3EBEC746BE} = {28D45EE9-6DB9-4564-93A5-92845D22590E}
		{BA54BAC3-EA84-42AA-A67D-94DE965BA8B8} = {4D06ED13-C26F-4CA9-929F-7993E72436BA}
		{1FB893A7-6389-487B-8E7F-FEE987EA83C6} = {BA54BAC3-EA84-42AA-A67D-94DE965BA8B8}
	EndGlobalSection
	GlobalSection(ExtensibilityGlobals) = postSolution
		SolutionGuid = {E1841301-CCA4-4416-A84D-4CECD33431AF}
	EndGlobalSection
EndGlobal
